version = 1
revision = 3
requires-python = ">=3.13"

[[package]]
name = "yt-dlp"
version = "2026.6.9"
source = { registry = "https://pypi.org/simple" }
sdist = { url = "https://files.pythonhosted.org/packages/88/a4/1b0979d28f87774bb67fbbc66bce44f9dd1aa0e547a99e22985fac945c33/yt_dlp-2026.6.9.tar.gz", hash = "sha256:d50fcb95f48d61bedde33e408c1881d4c279e51c31354a599ce09e96ba0f4b86", size = 3030590, upload-time = "2026-06-09T23:27:14.831Z" }
wheels = [
    { url = "https://files.pythonhosted.org/packages/f3/ee/188a3dadf9dfdac713243521f919feca1cd091d4358c9ea7e8ebb710a7cc/yt_dlp-2026.6.9-py3-none-any.whl", hash = "sha256:442ba4c75724b9496144c8434b617962ee08d0ee7c26ec663848fe9b78d5a3e4", size = 3169035, upload-time = "2026-06-09T23:27:12.58Z" },
]

[[package]]
name = "yt-dlp-cli"
version = "0.1.0"
source = { virtual = "." }
dependencies = [
    { name = "yt-dlp" },
]

[package.metadata]
requires-dist = [{ name = "yt-dlp", specifier = ">=2026.6.9" }]
